// !$*UTF8*$!
{
	archiveVersion = 1;
	classes = {
	};
	objectVersion = 50;
	objects = {

/* Begin PBXBuildFile section */
		01CAB9095AE25CEF3038DD59 /* libPods-Movito.a in Frameworks */ = {isa = PBXBuildFile; fileRef = 4B2ECA22C2A21B08DC534DFB /* libPods-Movito.a */; };
		EF7A4F122259D5C7007671E8 /* MovieDetailsPresenter.m in Sources */ = {isa = PBXBuildFile; fileRef = EF7A4F112259D5C7007671E8 /* MovieDetailsPresenter.m */; };
		EF83646E224FC7A0001A30B7 /* AppDelegate.m in Sources */ = {isa = PBXBuildFile; fileRef = EF83646D224FC7A0001A30B7 /* AppDelegate.m */; };
		EF836471224FC7A0001A30B7 /* ViewController.m in Sources */ = {isa = PBXBuildFile; fileRef = EF836470224FC7A0001A30B7 /* ViewController.m */; };
		EF836474224FC7A0001A30B7 /* Main.storyboard in Resources */ = {isa = PBXBuildFile; fileRef = EF836472224FC7A0001A30B7 /* Main.storyboard */; };
		EF836476224FC7A2001A30B7 /* Assets.xcassets in Resources */ = {isa = PBXBuildFile; fileRef = EF836475224FC7A2001A30B7 /* Assets.xcassets */; };
		EF836479224FC7A2001A30B7 /* LaunchScreen.storyboard in Resources */ = {isa = PBXBuildFile; fileRef = EF836477224FC7A2001A30B7 /* LaunchScreen.storyboard */; };
		EF83647C224FC7A2001A30B7 /* main.m in Sources */ = {isa = PBXBuildFile; fileRef = EF83647B224FC7A2001A30B7 /* main.m */; };
		EF836486224FC7A2001A30B7 /* MovitoTests.m in Sources */ = {isa = PBXBuildFile; fileRef = EF836485224FC7A2001A30B7 /* MovitoTests.m */; };
		EF836491224FC7A2001A30B7 /* MovitoUITests.m in Sources */ = {isa = PBXBuildFile; fileRef = EF836490224FC7A2001A30B7 /* MovitoUITests.m */; };
		EF8369E722529D3200DB3951 /* MoviesPresenter.m in Sources */ = {isa = PBXBuildFile; fileRef = EF8369E622529D3200DB3951 /* MoviesPresenter.m */; };
		EF8369EA2252A40300DB3951 /* AllCollectionViewController.m in Sources */ = {isa = PBXBuildFile; fileRef = EF8369E92252A40300DB3951 /* AllCollectionViewController.m */; };
		EF90746E22550C2D00DC6FD8 /* wait.png in Resources */ = {isa = PBXBuildFile; fileRef = EF90746B22550C2D00DC6FD8 /* wait.png */; };
		EF90747A22550D7E00DC6FD8 /* DatabaseAdapter.m in Sources */ = {isa = PBXBuildFile; fileRef = EF90747922550D7E00DC6FD8 /* DatabaseAdapter.m */; };
		EF90747C22550DA800DC6FD8 /* libsqlite3.tbd in Frameworks */ = {isa = PBXBuildFile; fileRef = EF90747B22550DA800DC6FD8 /* libsqlite3.tbd */; };
		EF9C73162257502100A5D2D7 /* JSONMovieParser.m in Sources */ = {isa = PBXBuildFile; fileRef = EF9C73152257502100A5D2D7 /* JSONMovieParser.m */; };
		EF9C73192257555B00A5D2D7 /* notFavourite.png in Resources */ = {isa = PBXBuildFile; fileRef = EF9C73172257555A00A5D2D7 /* notFavourite.png */; };
		EF9C731A2257555B00A5D2D7 /* favourite.png in Resources */ = {isa = PBXBuildFile; fileRef = EF9C73182257555B00A5D2D7 /* favourite.png */; };
		EFC2F3742257A8620069BD27 /* SystemConfiguration.framework in Frameworks */ = {isa = PBXBuildFile; fileRef = EFC2F3732257A8620069BD27 /* SystemConfiguration.framework */; };
		EFC2F3772257A8A60069BD27 /* Reachability.m in Sources */ = {isa = PBXBuildFile; fileRef = EFC2F3752257A8A60069BD27 /* Reachability.m */; };
		EFFE10E322526B8000C6ECDF /* MoviesService.m in Sources */ = {isa = PBXBuildFile; fileRef = EFFE10E222526B8000C6ECDF /* MoviesService.m */; };
		EFFE10E922526CD900C6ECDF /* NetworkManager.m in Sources */ = {isa = PBXBuildFile; fileRef = EFFE10E522526CD900C6ECDF /* NetworkManager.m */; };
		EFFE10F822526FD200C6ECDF /* Movie.m in Sources */ = {isa = PBXBuildFile; fileRef = EFFE10F722526FD200C6ECDF /* Movie.m */; };
/* End PBXBuildFile section */

/* Begin PBXContainerItemProxy section */
		EF836482224FC7A2001A30B7 /* PBXContainerItemProxy */ = {
			isa = PBXContainerItemProxy;
			containerPortal = EF836461224FC7A0001A30B7 /* Project object */;
			proxyType = 1;
			remoteGlobalIDString = EF836468224FC7A0001A30B7;
			remoteInfo = Movito;
		};
		EF83648D224FC7A2001A30B7 /* PBXContainerItemProxy */ = {
			isa = PBXContainerItemProxy;
			containerPortal = EF836461224FC7A0001A30B7 /* Project object */;
			proxyType = 1;
			remoteGlobalIDString = EF836468224FC7A0001A30B7;
			remoteInfo = Movito;
		};
/* End PBXContainerItemProxy section */

/* Begin PBXFileReference section */
		4B2ECA22C2A21B08DC534DFB /* libPods-Movito.a */ = {isa = PBXFileReference; explicitFileType = archive.ar; includeInIndex = 0; path = "libPods-Movito.a"; sourceTree = BUILT_PRODUCTS_DIR; };
		759ED65EF351F18FCF850168 /* Pods-Movito.release.xcconfig */ = {isa = PBXFileReference; includeInIndex = 1; lastKnownFileType = text.xcconfig; name = "Pods-Movito.release.xcconfig"; path = "Target Support Files/Pods-Movito/Pods-Movito.release.xcconfig"; sourceTree = "<group>"; };
		EF5FF2A34BA8F121B8EB024B /* Pods-Movito.debug.xcconfig */ = {isa = PBXFileReference; includeInIndex = 1; lastKnownFileType = text.xcconfig; name = "Pods-Movito.debug.xcconfig"; path = "Target Support Files/Pods-Movito/Pods-Movito.debug.xcconfig"; sourceTree = "<group>"; };
		EF7A4F102259D5C7007671E8 /* MovieDetailsPresenter.h */ = {isa = PBXFileReference; lastKnownFileType = sourcecode.c.h; path = MovieDetailsPresenter.h; sourceTree = "<group>"; };
		EF7A4F112259D5C7007671E8 /* MovieDetailsPresenter.m */ = {isa = PBXFileReference; lastKnownFileType = sourcecode.c.objc; path = MovieDetailsPresenter.m; sourceTree = "<group>"; };
		EF836469224FC7A0001A30B7 /* Movito.app */ = {isa = PBXFileReference; explicitFileType = wrapper.application; includeInIndex = 0; path = Movito.app; sourceTree = BUILT_PRODUCTS_DIR; };
		EF83646C224FC7A0001A30B7 /* AppDelegate.h */ = {isa = PBXFileReference; lastKnownFileType = sourcecode.c.h; path = AppDelegate.h; sourceTree = "<group>"; };
		EF83646D224FC7A0001A30B7 /* AppDelegate.m */ = {isa = PBXFileReference; lastKnownFileType = sourcecode.c.objc; path = AppDelegate.m; sourceTree = "<group>"; };
		EF83646F224FC7A0001A30B7 /* ViewController.h */ = {isa = PBXFileReference; lastKnownFileType = sourcecode.c.h; path = ViewController.h; sourceTree = "<group>"; };
		EF836470224FC7A0001A30B7 /* ViewController.m */ = {isa = PBXFileReference; lastKnownFileType = sourcecode.c.objc; path = ViewController.m; sourceTree = "<group>"; };
		EF836473224FC7A0001A30B7 /* Base */ = {isa = PBXFileReference; lastKnownFileType = file.storyboard; name = Base; path = Base.lproj/Main.storyboard; sourceTree = "<group>"; };
		EF836475224FC7A2001A30B7 /* Assets.xcassets */ = {isa = PBXFileReference; lastKnownFileType = folder.assetcatalog; path = Assets.xcassets; sourceTree = "<group>"; };
		EF836478224FC7A2001A30B7 /* Base */ = {isa = PBXFileReference; lastKnownFileType = file.storyboard; name = Base; path = Base.lproj/LaunchScreen.storyboard; sourceTree = "<group>"; };
		EF83647A224FC7A2001A30B7 /* Info.plist */ = {isa = PBXFileReference; lastKnownFileType = text.plist.xml; path = Info.plist; sourceTree = "<group>"; };
		EF83647B224FC7A2001A30B7 /* main.m */ = {isa = PBXFileReference; lastKnownFileType = sourcecode.c.objc; path = main.m; sourceTree = "<group>"; };
		EF836481224FC7A2001A30B7 /* MovitoTests.xctest */ = {isa = PBXFileReference; explicitFileType = wrapper.cfbundle; includeInIndex = 0; path = MovitoTests.xctest; sourceTree = BUILT_PRODUCTS_DIR; };
		EF836485224FC7A2001A30B7 /* MovitoTests.m */ = {isa = PBXFileReference; lastKnownFileType = sourcecode.c.objc; path = MovitoTests.m; sourceTree = "<group>"; };
		EF836487224FC7A2001A30B7 /* Info.plist */ = {isa = PBXFileReference; lastKnownFileType = text.plist.xml; path = Info.plist; sourceTree = "<group>"; };
		EF83648C224FC7A2001A30B7 /* MovitoUITests.xctest */ = {isa = PBXFileReference; explicitFileType = wrapper.cfbundle; includeInIndex = 0; path = MovitoUITests.xctest; sourceTree = BUILT_PRODUCTS_DIR; };
		EF836490224FC7A2001A30B7 /* MovitoUITests.m */ = {isa = PBXFileReference; lastKnownFileType = sourcecode.c.objc; path = MovitoUITests.m; sourceTree = "<group>"; };
		EF836492224FC7A2001A30B7 /* Info.plist */ = {isa = PBXFileReference; lastKnownFileType = text.plist.xml; path = Info.plist; sourceTree = "<group>"; };
		EF8369E522529D3200DB3951 /* MoviesPresenter.h */ = {isa = PBXFileReference; lastKnownFileType = sourcecode.c.h; path = MoviesPresenter.h; sourceTree = "<group>"; };
		EF8369E622529D3200DB3951 /* MoviesPresenter.m */ = {isa = PBXFileReference; lastKnownFileType = sourcecode.c.objc; path = MoviesPresenter.m; sourceTree = "<group>"; };
		EF8369E82252A40300DB3951 /* AllCollectionViewController.h */ = {isa = PBXFileReference; lastKnownFileType = sourcecode.c.h; path = AllCollectionViewController.h; sourceTree = "<group>"; };
		EF8369E92252A40300DB3951 /* AllCollectionViewController.m */ = {isa = PBXFileReference; lastKnownFileType = sourcecode.c.objc; path = AllCollectionViewController.m; sourceTree = "<group>"; };
		EF90746B22550C2D00DC6FD8 /* wait.png */ = {isa = PBXFileReference; lastKnownFileType = image.png; path = wait.png; sourceTree = "<group>"; };
		EF90747822550D7E00DC6FD8 /* DatabaseAdapter.h */ = {isa = PBXFileReference; fileEncoding = 4; lastKnownFileType = sourcecode.c.h; path = DatabaseAdapter.h; sourceTree = "<group>"; };
		EF90747922550D7E00DC6FD8 /* DatabaseAdapter.m */ = {isa = PBXFileReference; fileEncoding = 4; lastKnownFileType = sourcecode.c.objc; path = DatabaseAdapter.m; sourceTree = "<group>"; };
		EF90747B22550DA800DC6FD8 /* libsqlite3.tbd */ = {isa = PBXFileReference; lastKnownFileType = "sourcecode.text-based-dylib-definition"; name = libsqlite3.tbd; path = usr/lib/libsqlite3.tbd; sourceTree = SDKROOT; };
		EF9C73142257502100A5D2D7 /* JSONMovieParser.h */ = {isa = PBXFileReference; lastKnownFileType = sourcecode.c.h; path = JSONMovieParser.h; sourceTree = "<group>"; };
		EF9C73152257502100A5D2D7 /* JSONMovieParser.m */ = {isa = PBXFileReference; lastKnownFileType = sourcecode.c.objc; path = JSONMovieParser.m; sourceTree = "<group>"; };
		EF9C73172257555A00A5D2D7 /* notFavourite.png */ = {isa = PBXFileReference; lastKnownFileType = image.png; path = notFavourite.png; sourceTree = "<group>"; };
		EF9C73182257555B00A5D2D7 /* favourite.png */ = {isa = PBXFileReference; lastKnownFileType = image.png; path = favourite.png; sourceTree = "<group>"; };
		EFC2F3732257A8620069BD27 /* SystemConfiguration.framework */ = {isa = PBXFileReference; lastKnownFileType = wrapper.framework; name = SystemConfiguration.framework; path = System/Library/Frameworks/SystemConfiguration.framework; sourceTree = SDKROOT; };
		EFC2F3752257A8A60069BD27 /* Reachability.m */ = {isa = PBXFileReference; fileEncoding = 4; lastKnownFileType = sourcecode.c.objc; path = Reachability.m; sourceTree = "<group>"; };
		EFC2F3762257A8A60069BD27 /* Reachability.h */ = {isa = PBXFileReference; fileEncoding = 4; lastKnownFileType = sourcecode.c.h; path = Reachability.h; sourceTree = "<group>"; };
		EFCFF70A2254A5EC004AAD73 /* BaseContract.h */ = {isa = PBXFileReference; fileEncoding = 4; lastKnownFileType = sourcecode.c.h; path = BaseContract.h; sourceTree = "<group>"; };
		EFCFF70B2254A5EC004AAD73 /* MovieContract.h */ = {isa = PBXFileReference; fileEncoding = 4; lastKnownFileType = sourcecode.c.h; path = MovieContract.h; sourceTree = "<group>"; };
		EFFE10E122526B8000C6ECDF /* MoviesService.h */ = {isa = PBXFileReference; lastKnownFileType = sourcecode.c.h; path = MoviesService.h; sourceTree = "<group>"; };
		EFFE10E222526B8000C6ECDF /* MoviesService.m */ = {isa = PBXFileReference; lastKnownFileType = sourcecode.c.objc; path = MoviesService.m; sourceTree = "<group>"; };
		EFFE10E522526CD900C6ECDF /* NetworkManager.m */ = {isa = PBXFileReference; fileEncoding = 4; lastKnownFileType = sourcecode.c.objc; name = NetworkManager.m; path = "../../../../MVPDemoObjective-C/MVPDemoObjective-C/Network Layer/NetworkManager.m"; sourceTree = "<group>"; };
		EFFE10E622526CD900C6ECDF /* ServiceProtocol.h */ = {isa = PBXFileReference; fileEncoding = 4; lastKnownFileType = sourcecode.c.h; name = ServiceProtocol.h; path = "../../../../MVPDemoObjective-C/MVPDemoObjective-C/Network Layer/ServiceProtocol.h"; sourceTree = "<group>"; };
		EFFE10E722526CD900C6ECDF /* NetworkObserver.h */ = {isa = PBXFileReference; fileEncoding = 4; lastKnownFileType = sourcecode.c.h; name = NetworkObserver.h; path = "../../../../MVPDemoObjective-C/MVPDemoObjective-C/Network Layer/NetworkObserver.h"; sourceTree = "<group>"; };
		EFFE10E822526CD900C6ECDF /* NetworkManager.h */ = {isa = PBXFileReference; fileEncoding = 4; lastKnownFileType = sourcecode.c.h; name = NetworkManager.h; path = "../../../../MVPDemoObjective-C/MVPDemoObjective-C/Network Layer/NetworkManager.h"; sourceTree = "<group>"; };
		EFFE10F622526FD200C6ECDF /* Movie.h */ = {isa = PBXFileReference; lastKnownFileType = sourcecode.c.h; path = Movie.h; sourceTree = "<group>"; };
		EFFE10F722526FD200C6ECDF /* Movie.m */ = {isa = PBXFileReference; lastKnownFileType = sourcecode.c.objc; path = Movie.m; sourceTree = "<group>"; };
/* End PBXFileReference section */

/* Begin PBXFrameworksBuildPhase section */
		EF836466224FC7A0001A30B7 /* Frameworks */ = {
			isa = PBXFrameworksBuildPhase;
			buildActionMask = 2147483647;
			files = (
				EFC2F3742257A8620069BD27 /* SystemConfiguration.framework in Frameworks */,
				EF90747C22550DA800DC6FD8 /* libsqlite3.tbd in Frameworks */,
				01CAB9095AE25CEF3038DD59 /* libPods-Movito.a in Frameworks */,
			);
			runOnlyForDeploymentPostprocessing = 0;
		};
		EF83647E224FC7A2001A30B7 /* Frameworks */ = {
			isa = PBXFrameworksBuildPhase;
			buildActionMask = 2147483647;
			files = (
			);
			runOnlyForDeploymentPostprocessing = 0;
		};
		EF836489224FC7A2001A30B7 /* Frameworks */ = {
			isa = PBXFrameworksBuildPhase;
			buildActionMask = 2147483647;
			files = (
			);
			runOnlyForDeploymentPostprocessing = 0;
		};
/* End PBXFrameworksBuildPhase section */

/* Begin PBXGroup section */
		C7B6C8BE12680F7F0BD7E079 /* Pods */ = {
			isa = PBXGroup;
			children = (
				EF5FF2A34BA8F121B8EB024B /* Pods-Movito.debug.xcconfig */,
				759ED65EF351F18FCF850168 /* Pods-Movito.release.xcconfig */,
			);
			path = Pods;
			sourceTree = "<group>";
		};
		C83521D3BE27A512F82BF8D8 /* Frameworks */ = {
			isa = PBXGroup;
			children = (
				EFC2F3732257A8620069BD27 /* SystemConfiguration.framework */,
				EF90747B22550DA800DC6FD8 /* libsqlite3.tbd */,
				4B2ECA22C2A21B08DC534DFB /* libPods-Movito.a */,
			);
			name = Frameworks;
			sourceTree = "<group>";
		};
		EF7BD616224FF08F00BF79DF /* View Controllers */ = {
			isa = PBXGroup;
			children = (
				EF83646F224FC7A0001A30B7 /* ViewController.h */,
				EF836470224FC7A0001A30B7 /* ViewController.m */,
				EF8369E82252A40300DB3951 /* AllCollectionViewController.h */,
				EF8369E92252A40300DB3951 /* AllCollectionViewController.m */,
			);
			path = "View Controllers";
			sourceTree = "<group>";
		};
		EF7BD617224FF0C100BF79DF /* Views */ = {
			isa = PBXGroup;
			children = (
				EF836472224FC7A0001A30B7 /* Main.storyboard */,
				EF836477224FC7A2001A30B7 /* LaunchScreen.storyboard */,
			);
			path = Views;
			sourceTree = "<group>";
		};
		EF7BD618224FF0D900BF79DF /* Presenters */ = {
			isa = PBXGroup;
			children = (
				EF8369E522529D3200DB3951 /* MoviesPresenter.h */,
				EF8369E622529D3200DB3951 /* MoviesPresenter.m */,
				EF7A4F102259D5C7007671E8 /* MovieDetailsPresenter.h */,
				EF7A4F112259D5C7007671E8 /* MovieDetailsPresenter.m */,
			);
			path = Presenters;
			sourceTree = "<group>";
		};
		EF836460224FC7A0001A30B7 = {
			isa = PBXGroup;
			children = (
				EF83646B224FC7A0001A30B7 /* Movito */,
				EF836484224FC7A2001A30B7 /* MovitoTests */,
				EF83648F224FC7A2001A30B7 /* MovitoUITests */,
				EF83646A224FC7A0001A30B7 /* Products */,
				C7B6C8BE12680F7F0BD7E079 /* Pods */,
				C83521D3BE27A512F82BF8D8 /* Frameworks */,
			);
			sourceTree = "<group>";
		};
		EF83646A224FC7A0001A30B7 /* Products */ = {
			isa = PBXGroup;
			children = (
				EF836469224FC7A0001A30B7 /* Movito.app */,
				EF836481224FC7A2001A30B7 /* MovitoTests.xctest */,
				EF83648C224FC7A2001A30B7 /* MovitoUITests.xctest */,
			);
			name = Products;
			sourceTree = "<group>";
		};
		EF83646B224FC7A0001A30B7 /* Movito */ = {
			isa = PBXGroup;
			children = (
				EF9C73182257555B00A5D2D7 /* favourite.png */,
				EF9C73172257555A00A5D2D7 /* notFavourite.png */,
				EF90747722550D5200DC6FD8 /* DataBase */,
				EF90746B22550C2D00DC6FD8 /* wait.png */,
				EFFE10F222526ECF00C6ECDF /* POJO */,
				EFFE10EA22526D8700C6ECDF /* MVP Movies */,
				EFFE10E422526CA500C6ECDF /* Network Layer */,
				EFFE10E022526B4000C6ECDF /* Service Layer */,
				EF7BD618224FF0D900BF79DF /* Presenters */,
				EF7BD617224FF0C100BF79DF /* Views */,
				EF7BD616224FF08F00BF79DF /* View Controllers */,
				EF83646C224FC7A0001A30B7 /* AppDelegate.h */,
				EF83646D224FC7A0001A30B7 /* AppDelegate.m */,
				EF836475224FC7A2001A30B7 /* Assets.xcassets */,
				EF83647A224FC7A2001A30B7 /* Info.plist */,
				EF83647B224FC7A2001A30B7 /* main.m */,
			);
			path = Movito;
			sourceTree = "<group>";
		};
		EF836484224FC7A2001A30B7 /* MovitoTests */ = {
			isa = PBXGroup;
			children = (
				EF836485224FC7A2001A30B7 /* MovitoTests.m */,
				EF836487224FC7A2001A30B7 /* Info.plist */,
			);
			path = MovitoTests;
			sourceTree = "<group>";
		};
		EF83648F224FC7A2001A30B7 /* MovitoUITests */ = {
			isa = PBXGroup;
			children = (
				EF836490224FC7A2001A30B7 /* MovitoUITests.m */,
				EF836492224FC7A2001A30B7 /* Info.plist */,
			);
			path = MovitoUITests;
			sourceTree = "<group>";
		};
		EF90747722550D5200DC6FD8 /* DataBase */ = {
			isa = PBXGroup;
			children = (
				EF90747822550D7E00DC6FD8 /* DatabaseAdapter.h */,
				EF90747922550D7E00DC6FD8 /* DatabaseAdapter.m */,
			);
			path = DataBase;
			sourceTree = "<group>";
		};
		EFFE10E022526B4000C6ECDF /* Service Layer */ = {
			isa = PBXGroup;
			children = (
				EFFE10E122526B8000C6ECDF /* MoviesService.h */,
				EFFE10E222526B8000C6ECDF /* MoviesService.m */,
			);
			path = "Service Layer";
			sourceTree = "<group>";
		};
		EFFE10E422526CA500C6ECDF /* Network Layer */ = {
			isa = PBXGroup;
			children = (
				EFC2F3762257A8A60069BD27 /* Reachability.h */,
				EFC2F3752257A8A60069BD27 /* Reachability.m */,
				EFFE10E822526CD900C6ECDF /* NetworkManager.h */,
				EFFE10E522526CD900C6ECDF /* NetworkManager.m */,
				EFFE10E722526CD900C6ECDF /* NetworkObserver.h */,
				EFFE10E622526CD900C6ECDF /* ServiceProtocol.h */,
			);
			path = "Network Layer";
			sourceTree = "<group>";
		};
		EFFE10EA22526D8700C6ECDF /* MVP Movies */ = {
			isa = PBXGroup;
			children = (
				EFCFF70A2254A5EC004AAD73 /* BaseContract.h */,
				EFCFF70B2254A5EC004AAD73 /* MovieContract.h */,
			);
			path = "MVP Movies";
			sourceTree = "<group>";
		};
		EFFE10F222526ECF00C6ECDF /* POJO */ = {
			isa = PBXGroup;
			children = (
				EFFE10F622526FD200C6ECDF /* Movie.h */,
				EFFE10F722526FD200C6ECDF /* Movie.m */,
				EF9C73142257502100A5D2D7 /* JSONMovieParser.h */,
				EF9C73152257502100A5D2D7 /* JSONMovieParser.m */,
			);
			path = POJO;
			sourceTree = "<group>";
		};
/* End PBXGroup section */

/* Begin PBXNativeTarget section */
		EF836468224FC7A0001A30B7 /* Movito */ = {
			isa = PBXNativeTarget;
			buildConfigurationList = EF836495224FC7A2001A30B7 /* Build configuration list for PBXNativeTarget "Movito" */;
			buildPhases = (
				4EC9906E2846F36B2BEA1319 /* [CP] Check Pods Manifest.lock */,
				EF836465224FC7A0001A30B7 /* Sources */,
				EF836466224FC7A0001A30B7 /* Frameworks */,
				EF836467224FC7A0001A30B7 /* Resources */,
			);
			buildRules = (
			);
			dependencies = (
			);
			name = Movito;
			productName = Movito;
			productReference = EF836469224FC7A0001A30B7 /* Movito.app */;
			productType = "com.apple.product-type.application";
		};
		EF836480224FC7A2001A30B7 /* MovitoTests */ = {
			isa = PBXNativeTarget;
			buildConfigurationList = EF836498224FC7A2001A30B7 /* Build configuration list for PBXNativeTarget "MovitoTests" */;
			buildPhases = (
				EF83647D224FC7A2001A30B7 /* Sources */,
				EF83647E224FC7A2001A30B7 /* Frameworks */,
				EF83647F224FC7A2001A30B7 /* Resources */,
			);
			buildRules = (
			);
			dependencies = (
				EF836483224FC7A2001A30B7 /* PBXTargetDependency */,
			);
			name = MovitoTests;
			productName = MovitoTests;
			productReference = EF836481224FC7A2001A30B7 /* MovitoTests.xctest */;
			productType = "com.apple.product-type.bundle.unit-test";
		};
		EF83648B224FC7A2001A30B7 /* MovitoUITests */ = {
			isa = PBXNativeTarget;
			buildConfigurationList = EF83649B224FC7A2001A30B7 /* Build configuration list for PBXNativeTarget "MovitoUITests" */;
			buildPhases = (
				EF836488224FC7A2001A30B7 /* Sources */,
				EF836489224FC7A2001A30B7 /* Frameworks */,
				EF83648A224FC7A2001A30B7 /* Resources */,
			);
			buildRules = (
			);
			dependencies = (
				EF83648E224FC7A2001A30B7 /* PBXTargetDependency */,
			);
			name = MovitoUITests;
			productName = MovitoUITests;
			productReference = EF83648C224FC7A2001A30B7 /* MovitoUITests.xctest */;
			productType = "com.apple.product-type.bundle.ui-testing";
		};
/* End PBXNativeTarget section */

/* Begin PBXProject section */
		EF836461224FC7A0001A30B7 /* Project object */ = {
			isa = PBXProject;
			attributes = {
				LastUpgradeCheck = 1010;
				ORGANIZATIONNAME = "Amr Mohamed Koritem";
				TargetAttributes = {
					EF836468224FC7A0001A30B7 = {
						CreatedOnToolsVersion = 10.1;
					};
					EF836480224FC7A2001A30B7 = {
						CreatedOnToolsVersion = 10.1;
						TestTargetID = EF836468224FC7A0001A30B7;
					};
					EF83648B224FC7A2001A30B7 = {
						CreatedOnToolsVersion = 10.1;
						TestTargetID = EF836468224FC7A0001A30B7;
					};
				};
			};
			buildConfigurationList = EF836464224FC7A0001A30B7 /* Build configuration list for PBXProject "Movito" */;
			compatibilityVersion = "Xcode 9.3";
			developmentRegion = en;
			hasScannedForEncodings = 0;
			knownRegions = (
				en,
				Base,
			);
			mainGroup = EF836460224FC7A0001A30B7;
			productRefGroup = EF83646A224FC7A0001A30B7 /* Products */;
			projectDirPath = "";
			projectRoot = "";
			targets = (
				EF836468224FC7A0001A30B7 /* Movito */,
				EF836480224FC7A2001A30B7 /* MovitoTests */,
				EF83648B224FC7A2001A30B7 /* MovitoUITests */,
			);
		};
/* End PBXProject section */

/* Begin PBXResourcesBuildPhase section */
		EF836467224FC7A0001A30B7 /* Resources */ = {
			isa = PBXResourcesBuildPhase;
			buildActionMask = 2147483647;
			files = (
				EF90746E22550C2D00DC6FD8 /* wait.png in Resources */,
				EF836479224FC7A2001A30B7 /* LaunchScreen.storyboard in Resources */,
				EF9C731A2257555B00A5D2D7 /* favourite.png in Resources */,
				EF9C73192257555B00A5D2D7 /* notFavourite.png in Resources */,
				EF836476224FC7A2001A30B7 /* Assets.xcassets in Resources */,
				EF836474224FC7A0001A30B7 /* Main.storyboard in Resources */,
			);
			runOnlyForDeploymentPostprocessing = 0;
		};
		EF83647F224FC7A2001A30B7 /* Resources */ = {
			isa = PBXResourcesBuildPhase;
			buildActionMask = 2147483647;
			files = (
			);
			runOnlyForDeploymentPostprocessing = 0;
		};
		EF83648A224FC7A2001A30B7 /* Resources */ = {
			isa = PBXResourcesBuildPhase;
			buildActionMask = 2147483647;
			files = (
			);
			runOnlyForDeploymentPostprocessing = 0;
		};
/* End PBXResourcesBuildPhase section */

/* Begin PBXShellScriptBuildPhase section */
		4EC9906E2846F36B2BEA1319 /* [CP] Check Pods Manifest.lock */ = {
			isa = PBXShellScriptBuildPhase;
			buildActionMask = 2147483647;
			files = (
			);
			inputFileListPaths = (
			);
			inputPaths = (
				"${PODS_PODFILE_DIR_PATH}/Podfile.lock",
				"${PODS_ROOT}/Manifest.lock",
			);
			name = "[CP] Check Pods Manifest.lock";
			outputFileListPaths = (
			);
			outputPaths = (
				"$(DERIVED_FILE_DIR)/Pods-Movito-checkManifestLockResult.txt",
			);
			runOnlyForDeploymentPostprocessing = 0;
			shellPath = /bin/sh;
			shellScript = "diff \"${PODS_PODFILE_DIR_PATH}/Podfile.lock\" \"${PODS_ROOT}/Manifest.lock\" > /dev/null\nif [ $? != 0 ] ; then\n    # print error to STDERR\n    echo \"error: The sandbox is not in sync with the Podfile.lock. Run 'pod install' or update your CocoaPods installation.\" >&2\n    exit 1\nfi\n# This output is used by Xcode 'outputs' to avoid re-running this script phase.\necho \"SUCCESS\" > \"${SCRIPT_OUTPUT_FILE_0}\"\n";
			showEnvVarsInLog = 0;
		};
/* End PBXShellScriptBuildPhase section */

/* Begin PBXSourcesBuildPhase section */
		EF836465224FC7A0001A30B7 /* Sources */ = {
			isa = PBXSourcesBuildPhase;
			buildActionMask = 2147483647;
			files = (
				EF836471224FC7A0001A30B7 /* ViewController.m in Sources */,
				EF9C73162257502100A5D2D7 /* JSONMovieParser.m in Sources */,
				EF83647C224FC7A2001A30B7 /* main.m in Sources */,
				EFC2F3772257A8A60069BD27 /* Reachability.m in Sources */,
				EFFE10F822526FD200C6ECDF /* Movie.m in Sources */,
				EF90747A22550D7E00DC6FD8 /* DatabaseAdapter.m in Sources */,
				EF8369E722529D3200DB3951 /* MoviesPresenter.m in Sources */,
				EF8369EA2252A40300DB3951 /* AllCollectionViewController.m in Sources */,
				EF7A4F122259D5C7007671E8 /* MovieDetailsPresenter.m in Sources */,
				EFFE10E322526B8000C6ECDF /* MoviesService.m in Sources */,
				EFFE10E922526CD900C6ECDF /* NetworkManager.m in Sources */,
				EF83646E224FC7A0001A30B7 /* AppDelegate.m in Sources */,
			);
			runOnlyForDeploymentPostprocessing = 0;
		};
		EF83647D224FC7A2001A30B7 /* Sources */ = {
			isa = PBXSourcesBuildPhase;
			buildActionMask = 2147483647;
			files = (
				EF836486224FC7A2001A30B7 /* MovitoTests.m in Sources */,
			);
			runOnlyForDeploymentPostprocessing = 0;
		};
		EF836488224FC7A2001A30B7 /* Sources */ = {
			isa = PBXSourcesBuildPhase;
			buildActionMask = 2147483647;
			files = (
				EF836491224FC7A2001A30B7 /* MovitoUITests.m in Sources */,
			);
			runOnlyForDeploymentPostprocessing = 0;
		};
/* End PBXSourcesBuildPhase section */

/* Begin PBXTargetDependency section */
		EF836483224FC7A2001A30B7 /* PBXTargetDependency */ = {
			isa = PBXTargetDependency;
			target = EF836468224FC7A0001A30B7 /* Movito */;
			targetProxy = EF836482224FC7A2001A30B7 /* PBXContainerItemProxy */;
		};
		EF83648E224FC7A2001A30B7 /* PBXTargetDependency */ = {
			isa = PBXTargetDependency;
			target = EF836468224FC7A0001A30B7 /* Movito */;
			targetProxy = EF83648D224FC7A2001A30B7 /* PBXContainerItemProxy */;
		};
/* End PBXTargetDependency section */

/* Begin PBXVariantGroup section */
		EF836472224FC7A0001A30B7 /* Main.storyboard */ = {
			isa = PBXVariantGroup;
			children = (
				EF836473224FC7A0001A30B7 /* Base */,
			);
			name = Main.storyboard;
			sourceTree = "<group>";
		};
		EF836477224FC7A2001A30B7 /* LaunchScreen.storyboard */ = {
			isa = PBXVariantGroup;
			children = (
				EF836478224FC7A2001A30B7 /* Base */,
			);
			name = LaunchScreen.storyboard;
			sourceTree = "<group>";
		};
/* End PBXVariantGroup section */

/* Begin XCBuildConfiguration section */
		EF836493224FC7A2001A30B7 /* Debug */ = {
			isa = XCBuildConfiguration;
			buildSettings = {
				ALWAYS_SEARCH_USER_PATHS = NO;
				CLANG_ANALYZER_NONNULL = YES;
				CLANG_ANALYZER_NUMBER_OBJECT_CONVERSION = YES_AGGRESSIVE;
				CLANG_CXX_LANGUAGE_STANDARD = "gnu++14";
				CLANG_CXX_LIBRARY = "libc++";
				CLANG_ENABLE_MODULES = YES;
				CLANG_ENABLE_OBJC_ARC = YES;
				CLANG_ENABLE_OBJC_WEAK = YES;
				CLANG_WARN_BLOCK_CAPTURE_AUTORELEASING = YES;
				CLANG_WARN_BOOL_CONVERSION = YES;
				CLANG_WARN_COMMA = YES;
				CLANG_WARN_CONSTANT_CONVERSION = YES;
				CLANG_WARN_DEPRECATED_OBJC_IMPLEMENTATIONS = YES;
				CLANG_WARN_DIRECT_OBJC_ISA_USAGE = YES_ERROR;
				CLANG_WARN_DOCUMENTATION_COMMENTS = YES;
				CLANG_WARN_EMPTY_BODY = YES;
				CLANG_WARN_ENUM_CONVERSION = YES;
				CLANG_WARN_INFINITE_RECURSION = YES;
				CLANG_WARN_INT_CONVERSION = YES;
				CLANG_WARN_NON_LITERAL_NULL_CONVERSION = YES;
				CLANG_WARN_OBJC_IMPLICIT_RETAIN_SELF = YES;
				CLANG_WARN_OBJC_LITERAL_CONVERSION = YES;
				CLANG_WARN_OBJC_ROOT_CLASS = YES_ERROR;
				CLANG_WARN_RANGE_LOOP_ANALYSIS = YES;
				CLANG_WARN_STRICT_PROTOTYPES = YES;
				CLANG_WARN_SUSPICIOUS_MOVE = YES;
				CLANG_WARN_UNGUARDED_AVAILABILITY = YES_AGGRESSIVE;
				CLANG_WARN_UNREACHABLE_CODE = YES;
				CLANG_WARN__DUPLICATE_METHOD_MATCH = YES;
				CODE_SIGN_IDENTITY = "iPhone Developer";
				COPY_PHASE_STRIP = NO;
				DEBUG_INFORMATION_FORMAT = dwarf;
				ENABLE_STRICT_OBJC_MSGSEND = YES;
				ENABLE_TESTABILITY = YES;
				GCC_C_LANGUAGE_STANDARD = gnu11;
				GCC_DYNAMIC_NO_PIC = NO;
				GCC_NO_COMMON_BLOCKS = YES;
				GCC_OPTIMIZATION_LEVEL = 0;
				GCC_PREPROCESSOR_DEFINITIONS = (
					"DEBUG=1",
					"$(inherited)",
				);
				GCC_WARN_64_TO_32_BIT_CONVERSION = YES;
				GCC_WARN_ABOUT_RETURN_TYPE = YES_ERROR;
				GCC_WARN_UNDECLARED_SELECTOR = YES;
				GCC_WARN_UNINITIALIZED_AUTOS = YES_AGGRESSIVE;
				GCC_WARN_UNUSED_FUNCTION = YES;
				GCC_WARN_UNUSED_VARIABLE = YES;
				IPHONEOS_DEPLOYMENT_TARGET = 12.1;
				MTL_ENABLE_DEBUG_INFO = INCLUDE_SOURCE;
				MTL_FAST_MATH = YES;
				ONLY_ACTIVE_ARCH = YES;
				SDKROOT = iphoneos;
			};
			name = Debug;
		};
		EF836494224FC7A2001A30B7 /* Release */ = {
			isa = XCBuildConfiguration;
			buildSettings = {
				ALWAYS_SEARCH_USER_PATHS = NO;
				CLANG_ANALYZER_NONNULL = YES;
				CLANG_ANALYZER_NUMBER_OBJECT_CONVERSION = YES_AGGRESSIVE;
				CLANG_CXX_LANGUAGE_STANDARD = "gnu++14";
				CLANG_CXX_LIBRARY = "libc++";
				CLANG_ENABLE_MODULES = YES;
				CLANG_ENABLE_OBJC_ARC = YES;
				CLANG_ENABLE_OBJC_WEAK = YES;
				CLANG_WARN_BLOCK_CAPTURE_AUTORELEASING = YES;
				CLANG_WARN_BOOL_CONVERSION = YES;
				CLANG_WARN_COMMA = YES;
				CLANG_WARN_CONSTANT_CONVERSION = YES;
				CLANG_WARN_DEPRECATED_OBJC_IMPLEMENTATIONS = YES;
				CLANG_WARN_DIRECT_OBJC_ISA_USAGE = YES_ERROR;
				CLANG_WARN_DOCUMENTATION_COMMENTS = YES;
				CLANG_WARN_EMPTY_BODY = YES;
				CLANG_WARN_ENUM_CONVERSION = YES;
				CLANG_WARN_INFINITE_RECURSION = YES;
				CLANG_WARN_INT_CONVERSION = YES;
				CLANG_WARN_NON_LITERAL_NULL_CONVERSION = YES;
				CLANG_WARN_OBJC_IMPLICIT_RETAIN_SELF = YES;
				CLANG_WARN_OBJC_LITERAL_CONVERSION = YES;
				CLANG_WARN_OBJC_ROOT_CLASS = YES_ERROR;
				CLANG_WARN_RANGE_LOOP_ANALYSIS = YES;
				CLANG_WARN_STRICT_PROTOTYPES = YES;
				CLANG_WARN_SUSPICIOUS_MOVE = YES;
				CLANG_WARN_UNGUARDED_AVAILABILITY = YES_AGGRESSIVE;
				CLANG_WARN_UNREACHABLE_CODE = YES;
				CLANG_WARN__DUPLICATE_METHOD_MATCH = YES;
				CODE_SIGN_IDENTITY = "iPhone Developer";
				COPY_PHASE_STRIP = NO;
				DEBUG_INFORMATION_FORMAT = "dwarf-with-dsym";
				ENABLE_NS_ASSERTIONS = NO;
				ENABLE_STRICT_OBJC_MSGSEND = YES;
				GCC_C_LANGUAGE_STANDARD = gnu11;
				GCC_NO_COMMON_BLOCKS = YES;
				GCC_WARN_64_TO_32_BIT_CONVERSION = YES;
				GCC_WARN_ABOUT_RETURN_TYPE = YES_ERROR;
				GCC_WARN_UNDECLARED_SELECTOR = YES;
				GCC_WARN_UNINITIALIZED_AUTOS = YES_AGGRESSIVE;
				GCC_WARN_UNUSED_FUNCTION = YES;
				GCC_WARN_UNUSED_VARIABLE = YES;
				IPHONEOS_DEPLOYMENT_TARGET = 12.1;
				MTL_ENABLE_DEBUG_INFO = NO;
				MTL_FAST_MATH = YES;
				SDKROOT = iphoneos;
				VALIDATE_PRODUCT = YES;
			};
			name = Release;
		};
		EF836496224FC7A2001A30B7 /* Debug */ = {
			isa = XCBuildConfiguration;
			baseConfigurationReference = EF5FF2A34BA8F121B8EB024B /* Pods-Movito.debug.xcconfig */;
			buildSettings = {
				ASSETCATALOG_COMPILER_APPICON_NAME = AppIcon;
				CODE_SIGN_STYLE = Automatic;
				INFOPLIST_FILE = Movito/Info.plist;
				LD_RUNPATH_SEARCH_PATHS = (
					"$(inherited)",
					"@executable_path/Frameworks",
				);
				PRODUCT_BUNDLE_IDENTIFIER = iti.Movito;
				PRODUCT_NAME = "$(TARGET_NAME)";
				TARGETED_DEVICE_FAMILY = "1,2";
			};
			name = Debug;
		};
		EF836497224FC7A2001A30B7 /* Release */ = {
			isa = XCBuildConfiguration;
			baseConfigurationReference = 759ED65EF351F18FCF850168 /* Pods-Movito.release.xcconfig */;
			buildSettings = {
				ASSETCATALOG_COMPILER_APPICON_NAME = AppIcon;
				CODE_SIGN_STYLE = Automatic;
				INFOPLIST_FILE = Movito/Info.plist;
				LD_RUNPATH_SEARCH_PATHS = (
					"$(inherited)",
					"@executable_path/Frameworks",
				);
				PRODUCT_BUNDLE_IDENTIFIER = iti.Movito;
				PRODUCT_NAME = "$(TARGET_NAME)";
				TARGETED_DEVICE_FAMILY = "1,2";
			};
			name = Release;
		};
		EF836499224FC7A2001A30B7 /* Debug */ = {
			isa = XCBuildConfiguration;
			buildSettings = {
				BUNDLE_LOADER = "$(TEST_HOST)";
				CODE_SIGN_STYLE = Automatic;
				INFOPLIST_FILE = MovitoTests/Info.plist;
				LD_RUNPATH_SEARCH_PATHS = (
					"$(inherited)",
					"@executable_path/Frameworks",
					"@loader_path/Frameworks",
				);
				PRODUCT_BUNDLE_IDENTIFIER = iti.MovitoTests;
				PRODUCT_NAME = "$(TARGET_NAME)";
				TARGETED_DEVICE_FAMILY = "1,2";
				TEST_HOST = "$(BUILT_PRODUCTS_DIR)/Movito.app/Movito";
			};
			name = Debug;
		};
		EF83649A224FC7A2001A30B7 /* Release */ = {
			isa = XCBuildConfiguration;
			buildSettings = {
				BUNDLE_LOADER = "$(TEST_HOST)";
				CODE_SIGN_STYLE = Automatic;
				INFOPLIST_FILE = MovitoTests/Info.plist;
				LD_RUNPATH_SEARCH_PATHS = (
					"$(inherited)",
					"@executable_path/Frameworks",
					"@loader_path/Frameworks",
				);
				PRODUCT_BUNDLE_IDENTIFIER = iti.MovitoTests;
				PRODUCT_NAME = "$(TARGET_NAME)";
				TARGETED_DEVICE_FAMILY = "1,2";
				TEST_HOST = "$(BUILT_PRODUCTS_DIR)/Movito.app/Movito";
			};
			name = Release;
		};
		EF83649C224FC7A2001A30B7 /* Debug */ = {
			isa = XCBuildConfiguration;
			buildSettings = {
				CODE_SIGN_STYLE = Automatic;
				INFOPLIST_FILE = MovitoUITests/Info.plist;
				LD_RUNPATH_SEARCH_PATHS = (
					"$(inherited)",
					"@executable_path/Frameworks",
					"@loader_path/Frameworks",
				);
				PRODUCT_BUNDLE_IDENTIFIER = iti.MovitoUITests;
				PRODUCT_NAME = "$(TARGET_NAME)";
				TARGETED_DEVICE_FAMILY = "1,2";
				TEST_TARGET_NAME = Movito;
			};
			name = Debug;
		};
		EF83649D224FC7A2001A30B7 /* Release */ = {
			isa = XCBuildConfiguration;
			buildSettings = {
				CODE_SIGN_STYLE = Automatic;
				INFOPLIST_FILE = MovitoUITests/Info.plist;
				LD_RUNPATH_SEARCH_PATHS = (
					"$(inherited)",
					"@executable_path/Frameworks",
					"@loader_path/Frameworks",
				);
				PRODUCT_BUNDLE_IDENTIFIER = iti.MovitoUITests;
				PRODUCT_NAME = "$(TARGET_NAME)";
				TARGETED_DEVICE_FAMILY = "1,2";
				TEST_TARGET_NAME = Movito;
			};
			name = Release;
		};
/* End XCBuildConfiguration section */

/* Begin XCConfigurationList section */
		EF836464224FC7A0001A30B7 /* Build configuration list for PBXProject "Movito" */ = {
			isa = XCConfigurationList;
			buildConfigurations = (
				EF836493224FC7A2001A30B7 /* Debug */,
				EF836494224FC7A2001A30B7 /* Release */,
			);
			defaultConfigurationIsVisible = 0;
			defaultConfigurationName = Release;
		};
		EF836495224FC7A2001A30B7 /* Build configuration list for PBXNativeTarget "Movito" */ = {
			isa = XCConfigurationList;
			buildConfigurations = (
				EF836496224FC7A2001A30B7 /* Debug */,
				EF836497224FC7A2001A30B7 /* Release */,
			);
			defaultConfigurationIsVisible = 0;
			defaultConfigurationName = Release;
		};
		EF836498224FC7A2001A30B7 /* Build configuration list for PBXNativeTarget "MovitoTests" */ = {
			isa = XCConfigurationList;
			buildConfigurations = (
				EF836499224FC7A2001A30B7 /* Debug */,
				EF83649A224FC7A2001A30B7 /* Release */,
			);
			defaultConfigurationIsVisible = 0;
			defaultConfigurationName = Release;
		};
		EF83649B224FC7A2001A30B7 /* Build configuration list for PBXNativeTarget "MovitoUITests" */ = {
			isa = XCConfigurationList;
			buildConfigurations = (
				EF83649C224FC7A2001A30B7 /* Debug */,
				EF83649D224FC7A2001A30B7 /* Release */,
			);
			defaultConfigurationIsVisible = 0;
			defaultConfigurationName = Release;
		};
/* End XCConfigurationList section */
	};
	rootObject = EF836461224FC7A0001A30B7 /* Project object */;
}
